
Microsoft Visual Studio Solution File, Format Version 12.00
# Visual Studio Version 16
VisualStudioVersion = 16.0.31424.327
MinimumVisualStudioVersion = 10.0.40219.1
Project("{FAE04EC0-301F-11D3-BF4B-00C04F79EFBC}") = "CookieApp", "CookieApp.csproj", "{53D54811-AC38-4841-BABD-36AB1C0036F8}"
EndProject
Global
	GlobalSection(SolutionConfigurationPlatforms) = preSolution
		Debug|Any CPU = Debug|Any CPU
		Release|Any CPU = Release|Any CPU
	EndGlobalSection
	GlobalSection(ProjectConfigurationPlatforms) = postSolution
		{53D54811-AC38-4841-BABD-36AB1C0036F8}.Debug|Any CPU.ActiveCfg = Debug|Any CPU
		{53D54811-AC38-4841-BABD-36AB1C0036F8}.Debug|Any CPU.Build.0 = Debug|Any CPU
		{53D54811-AC38-4841-BABD-36AB1C0036F8}.Release|Any CPU.ActiveCfg = Release|Any CPU
		{53D54811-AC38-4841-BABD-36AB1C0036F8}.Release|Any CPU.Build.0 = Release|Any CPU
	EndGlobalSection
	GlobalSection(SolutionProperties) = preSolution
		HideSolutionNode = FALSE
	EndGlobalSection
	GlobalSection(ExtensibilityGlobals) = postSolution
		SolutionGuid = {0C9C33F8-BBFA-4DEB-8663-AF5E23083140}
	EndGlobalSection
EndGlobal
