
Microsoft Visual Studio Solution File, Format Version 12.00
# Visual Studio Version 16
VisualStudioVersion = 16.0.31424.327
MinimumVisualStudioVersion = 10.0.40219.1
Project("{FAE04EC0-301F-11D3-BF4B-00C04F79EFBC}") = "Students.Model", "Student.Model\Students.Model.csproj", "{C5C434F8-EEC0-4A4B-B5AF-609D1422A19B}"
EndProject
Project("{FAE04EC0-301F-11D3-BF4B-00C04F79EFBC}") = "StudentsRepository", "StudentRepository\StudentsRepository.csproj", "{7E951BAB-A112-4EB5-9E29-383987074865}"
EndProject
Project("{FAE04EC0-301F-11D3-BF4B-00C04F79EFBC}") = "Students.Service", "Students.Service\Students.Service.csproj", "{5D029C2E-DB77-4532-B32A-DFC97DDB67F8}"
EndProject
Project("{FAE04EC0-301F-11D3-BF4B-00C04F79EFBC}") = "StudentsMVCApp", "StudentsMVCApp\StudentsMVCApp.csproj", "{53DDA81F-30B8-40C4-903F-ECC91BE4A329}"
EndProject
Global
	GlobalSection(SolutionConfigurationPlatforms) = preSolution
		Debug|Any CPU = Debug|Any CPU
		Release|Any CPU = Release|Any CPU
	EndGlobalSection
	GlobalSection(ProjectConfigurationPlatforms) = postSolution
		{C5C434F8-EEC0-4A4B-B5AF-609D1422A19B}.Debug|Any CPU.ActiveCfg = Debug|Any CPU
		{C5C434F8-EEC0-4A4B-B5AF-609D1422A19B}.Debug|Any CPU.Build.0 = Debug|Any CPU
		{C5C434F8-EEC0-4A4B-B5AF-609D1422A19B}.Release|Any CPU.ActiveCfg = Release|Any CPU
		{C5C434F8-EEC0-4A4B-B5AF-609D1422A19B}.Release|Any CPU.Build.0 = Release|Any CPU
		{7E951BAB-A112-4EB5-9E29-383987074865}.Debug|Any CPU.ActiveCfg = Debug|Any CPU
		{7E951BAB-A112-4EB5-9E29-383987074865}.Debug|Any CPU.Build.0 = Debug|Any CPU
		{7E951BAB-A112-4EB5-9E29-383987074865}.Release|Any CPU.ActiveCfg = Release|Any CPU
		{7E951BAB-A112-4EB5-9E29-383987074865}.Release|Any CPU.Build.0 = Release|Any CPU
		{5D029C2E-DB77-4532-B32A-DFC97DDB67F8}.Debug|Any CPU.ActiveCfg = Debug|Any CPU
		{5D029C2E-DB77-4532-B32A-DFC97DDB67F8}.Debug|Any CPU.Build.0 = Debug|Any CPU
		{5D029C2E-DB77-4532-B32A-DFC97DDB67F8}.Release|Any CPU.ActiveCfg = Release|Any CPU
		{5D029C2E-DB77-4532-B32A-DFC97DDB67F8}.Release|Any CPU.Build.0 = Release|Any CPU
		{53DDA81F-30B8-40C4-903F-ECC91BE4A329}.Debug|Any CPU.ActiveCfg = Debug|Any CPU
		{53DDA81F-30B8-40C4-903F-ECC91BE4A329}.Debug|Any CPU.Build.0 = Debug|Any CPU
		{53DDA81F-30B8-40C4-903F-ECC91BE4A329}.Release|Any CPU.ActiveCfg = Release|Any CPU
		{53DDA81F-30B8-40C4-903F-ECC91BE4A329}.Release|Any CPU.Build.0 = Release|Any CPU
	EndGlobalSection
	GlobalSection(SolutionProperties) = preSolution
		HideSolutionNode = FALSE
	EndGlobalSection
	GlobalSection(ExtensibilityGlobals) = postSolution
		SolutionGuid = {53E39812-8B65-4296-B4F7-D07900D43A99}
	EndGlobalSection
EndGlobal
