
Microsoft Visual Studio Solution File, Format Version 12.00
# Visual Studio Version 16
VisualStudioVersion = 16.0.31424.327
MinimumVisualStudioVersion = 10.0.40219.1
Project("{FAE04EC0-301F-11D3-BF4B-00C04F79EFBC}") = "LogInViewModelApp", "LogInViewModelApp.csproj", "{A75107F4-B419-43EA-A635-E9F087742945}"
EndProject
Global
	GlobalSection(SolutionConfigurationPlatforms) = preSolution
		Debug|Any CPU = Debug|Any CPU
		Release|Any CPU = Release|Any CPU
	EndGlobalSection
	GlobalSection(ProjectConfigurationPlatforms) = postSolution
		{A75107F4-B419-43EA-A635-E9F087742945}.Debug|Any CPU.ActiveCfg = Debug|Any CPU
		{A75107F4-B419-43EA-A635-E9F087742945}.Debug|Any CPU.Build.0 = Debug|Any CPU
		{A75107F4-B419-43EA-A635-E9F087742945}.Release|Any CPU.ActiveCfg = Release|Any CPU
		{A75107F4-B419-43EA-A635-E9F087742945}.Release|Any CPU.Build.0 = Release|Any CPU
	EndGlobalSection
	GlobalSection(SolutionProperties) = preSolution
		HideSolutionNode = FALSE
	EndGlobalSection
	GlobalSection(ExtensibilityGlobals) = postSolution
		SolutionGuid = {6D3090EB-B66F-453B-A483-1D8EFCD28572}
	EndGlobalSection
EndGlobal
