
Microsoft Visual Studio Solution File, Format Version 12.00
# Visual Studio Version 16
VisualStudioVersion = 16.0.31424.327
MinimumVisualStudioVersion = 10.0.40219.1
Project("{FAE04EC0-301F-11D3-BF4B-00C04F79EFBC}") = "TemplateMVCApp", "TemplateMVCApp.csproj", "{3CB1D615-21A9-4A8C-9F77-4E461D077F50}"
EndProject
Global
	GlobalSection(SolutionConfigurationPlatforms) = preSolution
		Debug|Any CPU = Debug|Any CPU
		Release|Any CPU = Release|Any CPU
	EndGlobalSection
	GlobalSection(ProjectConfigurationPlatforms) = postSolution
		{3CB1D615-21A9-4A8C-9F77-4E461D077F50}.Debug|Any CPU.ActiveCfg = Debug|Any CPU
		{3CB1D615-21A9-4A8C-9F77-4E461D077F50}.Debug|Any CPU.Build.0 = Debug|Any CPU
		{3CB1D615-21A9-4A8C-9F77-4E461D077F50}.Release|Any CPU.ActiveCfg = Release|Any CPU
		{3CB1D615-21A9-4A8C-9F77-4E461D077F50}.Release|Any CPU.Build.0 = Release|Any CPU
	EndGlobalSection
	GlobalSection(SolutionProperties) = preSolution
		HideSolutionNode = FALSE
	EndGlobalSection
	GlobalSection(ExtensibilityGlobals) = postSolution
		SolutionGuid = {95CB2AE3-DBE5-4A0A-A8AB-BAE9AE5C0ABC}
	EndGlobalSection
EndGlobal
