
Microsoft Visual Studio Solution File, Format Version 12.00
# Visual Studio Version 16
VisualStudioVersion = 16.0.31424.327
MinimumVisualStudioVersion = 10.0.40219.1
Project("{FAE04EC0-301F-11D3-BF4B-00C04F79EFBC}") = "BankProjectAppLib", "BankProjectAppLib\BankProjectAppLib.csproj", "{91A09F0C-81B5-42CA-A6FE-2931606E83ED}"
EndProject
Project("{FAE04EC0-301F-11D3-BF4B-00C04F79EFBC}") = "BankMVCApp", "BankMVCApp\BankMVCApp.csproj", "{EF0D01E8-A6AB-4BDD-A123-07F0D0852657}"
EndProject
Global
	GlobalSection(SolutionConfigurationPlatforms) = preSolution
		Debug|Any CPU = Debug|Any CPU
		Release|Any CPU = Release|Any CPU
	EndGlobalSection
	GlobalSection(ProjectConfigurationPlatforms) = postSolution
		{91A09F0C-81B5-42CA-A6FE-2931606E83ED}.Debug|Any CPU.ActiveCfg = Debug|Any CPU
		{91A09F0C-81B5-42CA-A6FE-2931606E83ED}.Debug|Any CPU.Build.0 = Debug|Any CPU
		{91A09F0C-81B5-42CA-A6FE-2931606E83ED}.Release|Any CPU.ActiveCfg = Release|Any CPU
		{91A09F0C-81B5-42CA-A6FE-2931606E83ED}.Release|Any CPU.Build.0 = Release|Any CPU
		{EF0D01E8-A6AB-4BDD-A123-07F0D0852657}.Debug|Any CPU.ActiveCfg = Debug|Any CPU
		{EF0D01E8-A6AB-4BDD-A123-07F0D0852657}.Debug|Any CPU.Build.0 = Debug|Any CPU
		{EF0D01E8-A6AB-4BDD-A123-07F0D0852657}.Release|Any CPU.ActiveCfg = Release|Any CPU
		{EF0D01E8-A6AB-4BDD-A123-07F0D0852657}.Release|Any CPU.Build.0 = Release|Any CPU
	EndGlobalSection
	GlobalSection(SolutionProperties) = preSolution
		HideSolutionNode = FALSE
	EndGlobalSection
	GlobalSection(ExtensibilityGlobals) = postSolution
		SolutionGuid = {F51C66B3-2B2C-45BF-8428-DEC1FBFB01A6}
	EndGlobalSection
EndGlobal
